// !$*UTF8*$!
{
	archiveVersion = 1;
	classes = {
	};
	objectVersion = 55;
	objects = {

/* Begin PBXBuildFile section */
		4005E41B295332C200960A37 /* StudentCheckTableViewCell.swift in Sources */ = {isa = PBXBuildFile; fileRef = 4005E41A295332C200960A37 /* StudentCheckTableViewCell.swift */; };
		4005E41F2953343400960A37 /* GroupSize.swift in Sources */ = {isa = PBXBuildFile; fileRef = 4005E41E2953343400960A37 /* GroupSize.swift */; };
		4006FEF9299947BE00132E7E /* DateTime.swift in Sources */ = {isa = PBXBuildFile; fileRef = 4006FEF8299947BD00132E7E /* DateTime.swift */; };
		4006FEFE29994EDE00132E7E /* BranchID.swift in Sources */ = {isa = PBXBuildFile; fileRef = 4006FEFD29994EDE00132E7E /* BranchID.swift */; };
		4006FF0029994EF300132E7E /* TeacherID.swift in Sources */ = {isa = PBXBuildFile; fileRef = 4006FEFF29994EF300132E7E /* TeacherID.swift */; };
		4006FF0229994F0800132E7E /* GroupID.swift in Sources */ = {isa = PBXBuildFile; fileRef = 4006FF0129994F0800132E7E /* GroupID.swift */; };
		400EC15C2945E1A400F120E4 /* BranchRevenueViewController.swift in Sources */ = {isa = PBXBuildFile; fileRef = 400EC15B2945E1A400F120E4 /* BranchRevenueViewController.swift */; };
		400EC15E2945E3BB00F120E4 /* TeacherRevenueViewController.swift in Sources */ = {isa = PBXBuildFile; fileRef = 400EC15D2945E3BB00F120E4 /* TeacherRevenueViewController.swift */; };
		4011F255294B41390000B596 /* StudentsInBranchViewController.swift in Sources */ = {isa = PBXBuildFile; fileRef = 4011F254294B41390000B596 /* StudentsInBranchViewController.swift */; };
		401FC10B296C12510061C11E /* StudentReceiptViewController.swift in Sources */ = {isa = PBXBuildFile; fileRef = 401FC10A296C12510061C11E /* StudentReceiptViewController.swift */; };
		401FC10D296C27320061C11E /* GroupType.swift in Sources */ = {isa = PBXBuildFile; fileRef = 401FC10C296C27320061C11E /* GroupType.swift */; };
		40226DA92940CE4D00E9489D /* NavView.swift in Sources */ = {isa = PBXBuildFile; fileRef = 40226DA82940CE4C00E9489D /* NavView.swift */; };
		40226DAB2940DEA500E9489D /* AddBranchViewController.swift in Sources */ = {isa = PBXBuildFile; fileRef = 40226DAA2940DEA500E9489D /* AddBranchViewController.swift */; };
		4023A958292D45D5007FD5D5 /* AppDelegate.swift in Sources */ = {isa = PBXBuildFile; fileRef = 4023A957292D45D5007FD5D5 /* AppDelegate.swift */; };
		4023A95A292D45D5007FD5D5 /* SceneDelegate.swift in Sources */ = {isa = PBXBuildFile; fileRef = 4023A959292D45D5007FD5D5 /* SceneDelegate.swift */; };
		4023A961292D45D7007FD5D5 /* Assets.xcassets in Resources */ = {isa = PBXBuildFile; fileRef = 4023A960292D45D7007FD5D5 /* Assets.xcassets */; };
		4023A964292D45D7007FD5D5 /* LaunchScreen.storyboard in Resources */ = {isa = PBXBuildFile; fileRef = 4023A962292D45D7007FD5D5 /* LaunchScreen.storyboard */; };
		40259B1229693DBE00D6CB60 /* SkeletonTableViewCell.swift in Sources */ = {isa = PBXBuildFile; fileRef = 40259B1129693DBE00D6CB60 /* SkeletonTableViewCell.swift */; };
		40259B1429694F7900D6CB60 /* SkeletonViewsTableViewCell.swift in Sources */ = {isa = PBXBuildFile; fileRef = 40259B1329694F7900D6CB60 /* SkeletonViewsTableViewCell.swift */; };
		402A77FF2958702A00B91924 /* CheckCollectionViewCell.swift in Sources */ = {isa = PBXBuildFile; fileRef = 402A77FE2958702A00B91924 /* CheckCollectionViewCell.swift */; };
		402A78022958992800B91924 /* CheckBoxButton.swift in Sources */ = {isa = PBXBuildFile; fileRef = 402A78012958992800B91924 /* CheckBoxButton.swift */; };
		4031E57729632B070094F48D /* BranchListPresenter.swift in Sources */ = {isa = PBXBuildFile; fileRef = 4031E57629632B070094F48D /* BranchListPresenter.swift */; };
		4031E57929632CBA0094F48D /* BranchListDelegate.swift in Sources */ = {isa = PBXBuildFile; fileRef = 4031E57829632CBA0094F48D /* BranchListDelegate.swift */; };
		403203D229597A0900FE64CF /* Defaults.swift in Sources */ = {isa = PBXBuildFile; fileRef = 403203D129597A0900FE64CF /* Defaults.swift */; };
		4032766E29642D020077A90E /* GroupListDelegate.swift in Sources */ = {isa = PBXBuildFile; fileRef = 4032766D29642D020077A90E /* GroupListDelegate.swift */; };
		4032767029642D1A0077A90E /* GroupListPresenter.swift in Sources */ = {isa = PBXBuildFile; fileRef = 4032766F29642D1A0077A90E /* GroupListPresenter.swift */; };
		4032767229642F760077A90E /* StudentListDelegate.swift in Sources */ = {isa = PBXBuildFile; fileRef = 4032767129642F760077A90E /* StudentListDelegate.swift */; };
		4032767429642F7F0077A90E /* StudentListPresenter.swift in Sources */ = {isa = PBXBuildFile; fileRef = 4032767329642F7F0077A90E /* StudentListPresenter.swift */; };
		4037170D2941FE9E0053CCF2 /* TextField.swift in Sources */ = {isa = PBXBuildFile; fileRef = 4037170C2941FE9E0053CCF2 /* TextField.swift */; };
		4037170F294200B50053CCF2 /* Button.swift in Sources */ = {isa = PBXBuildFile; fileRef = 4037170E294200B50053CCF2 /* Button.swift */; };
		4037171129421BDF0053CCF2 /* TeacherListViewController.swift in Sources */ = {isa = PBXBuildFile; fileRef = 4037171029421BDF0053CCF2 /* TeacherListViewController.swift */; };
		40371717294222350053CCF2 /* ConfigListViewController.swift in Sources */ = {isa = PBXBuildFile; fileRef = 40371716294222350053CCF2 /* ConfigListViewController.swift */; };
		4037171D294229F70053CCF2 /* GroupListViewController.swift in Sources */ = {isa = PBXBuildFile; fileRef = 4037171C294229F70053CCF2 /* GroupListViewController.swift */; };
		4037171F29422B320053CCF2 /* ListTableViewCell.swift in Sources */ = {isa = PBXBuildFile; fileRef = 4037171E29422B320053CCF2 /* ListTableViewCell.swift */; };
		4037172329422FC90053CCF2 /* AddViewController.swift in Sources */ = {isa = PBXBuildFile; fileRef = 4037172229422FC90053CCF2 /* AddViewController.swift */; };
		40371725294233A40053CCF2 /* StudentViewController.swift in Sources */ = {isa = PBXBuildFile; fileRef = 40371724294233A40053CCF2 /* StudentViewController.swift */; };
		404B436B296C7B1000D9D887 /* UIButton+Extension.swift in Sources */ = {isa = PBXBuildFile; fileRef = 404B436A296C7B1000D9D887 /* UIButton+Extension.swift */; };
		4052F9FC29641DD90002C353 /* TeacherListDelegate.swift in Sources */ = {isa = PBXBuildFile; fileRef = 4052F9FB29641DD90002C353 /* TeacherListDelegate.swift */; };
		4052F9FE29641DEB0002C353 /* TeacherListPresenter.swift in Sources */ = {isa = PBXBuildFile; fileRef = 4052F9FD29641DEB0002C353 /* TeacherListPresenter.swift */; };
		4052FA00296422200002C353 /* TeacherConfigListDelegate.swift in Sources */ = {isa = PBXBuildFile; fileRef = 4052F9FF296422200002C353 /* TeacherConfigListDelegate.swift */; };
		4052FA02296422290002C353 /* TeacherConfigListPresenter.swift in Sources */ = {isa = PBXBuildFile; fileRef = 4052FA01296422290002C353 /* TeacherConfigListPresenter.swift */; };
		405912422945A70F00620278 /* TotalRevenueView.swift in Sources */ = {isa = PBXBuildFile; fileRef = 405912412945A70F00620278 /* TotalRevenueView.swift */; };
		405DFC11296E97A300EEC824 /* success.json in Resources */ = {isa = PBXBuildFile; fileRef = 405DFC10296E97A300EEC824 /* success.json */; };
		40621288299B5B7800F7087B /* User.swift in Sources */ = {isa = PBXBuildFile; fileRef = 40621287299B5B7800F7087B /* User.swift */; };
		406440E7299A6C6A00660A7E /* StudentWithAttendance.swift in Sources */ = {isa = PBXBuildFile; fileRef = 406440E6299A6C6A00660A7E /* StudentWithAttendance.swift */; };
		406996FC292F6D3E00090507 /* AuthUserViewController.swift in Sources */ = {isa = PBXBuildFile; fileRef = 406996FB292F6D3E00090507 /* AuthUserViewController.swift */; };
		406996FE292F77DE00090507 /* UITextField+Extension.swift in Sources */ = {isa = PBXBuildFile; fileRef = 406996FD292F77DE00090507 /* UITextField+Extension.swift */; };
		4080B0CE29558F9C009C22AC /* acces-denied.json in Resources */ = {isa = PBXBuildFile; fileRef = 4080B0CD29558F9C009C22AC /* acces-denied.json */; };
		4080B0D02955901F009C22AC /* ChangePasswordViewController.swift in Sources */ = {isa = PBXBuildFile; fileRef = 4080B0CF2955901F009C22AC /* ChangePasswordViewController.swift */; };
		4090075A2999585C0075C4C8 /* ConfigID.swift in Sources */ = {isa = PBXBuildFile; fileRef = 409007592999585C0075C4C8 /* ConfigID.swift */; };
		4099D0C42969671D00C219BA /* TeacherPaymentListDelegate.swift in Sources */ = {isa = PBXBuildFile; fileRef = 4099D0C32969671D00C219BA /* TeacherPaymentListDelegate.swift */; };
		4099D0C62969675500C219BA /* TeacherPaymentListPresenter.swift in Sources */ = {isa = PBXBuildFile; fileRef = 4099D0C52969675500C219BA /* TeacherPaymentListPresenter.swift */; };
		40A9083F2998D596008324F5 /* Constants.swift in Sources */ = {isa = PBXBuildFile; fileRef = 40A9083E2998D596008324F5 /* Constants.swift */; };
		40B0AF86299A05A600219ABB /* StudentID.swift in Sources */ = {isa = PBXBuildFile; fileRef = 40B0AF85299A05A600219ABB /* StudentID.swift */; };
		40B0AF88299A129D00219ABB /* aAddViewController.swift in Sources */ = {isa = PBXBuildFile; fileRef = 40B0AF87299A129D00219ABB /* aAddViewController.swift */; };
		40C9DE39293DF32E00CC4BFA /* MainTabViewController.swift in Sources */ = {isa = PBXBuildFile; fileRef = 40C9DE38293DF32E00CC4BFA /* MainTabViewController.swift */; };
		40C9DE3B293DF6A700CC4BFA /* TabItemView.swift in Sources */ = {isa = PBXBuildFile; fileRef = 40C9DE3A293DF6A700CC4BFA /* TabItemView.swift */; };
		40C9DE3E293DFAAA00CC4BFA /* BranchListViewController.swift in Sources */ = {isa = PBXBuildFile; fileRef = 40C9DE3D293DFAAA00CC4BFA /* BranchListViewController.swift */; };
		40C9DE40293DFAB500CC4BFA /* PaymentViewController.swift in Sources */ = {isa = PBXBuildFile; fileRef = 40C9DE3F293DFAB500CC4BFA /* PaymentViewController.swift */; };
		40C9DE42293DFABF00CC4BFA /* StudentsViewController.swift in Sources */ = {isa = PBXBuildFile; fileRef = 40C9DE41293DFABF00CC4BFA /* StudentsViewController.swift */; };
		40C9DE44293DFAC800CC4BFA /* SettingsViewController.swift in Sources */ = {isa = PBXBuildFile; fileRef = 40C9DE43293DFAC800CC4BFA /* SettingsViewController.swift */; };
		40CEDD6A296B23F00027C6C3 /* UserMethodsDelegate.swift in Sources */ = {isa = PBXBuildFile; fileRef = 40CEDD69296B23F00027C6C3 /* UserMethodsDelegate.swift */; };
		40CEDD6C296B23FC0027C6C3 /* UserMethodsPresenter.swift in Sources */ = {isa = PBXBuildFile; fileRef = 40CEDD6B296B23FC0027C6C3 /* UserMethodsPresenter.swift */; };
		40CEDD6E296B2C6B0027C6C3 /* AddMethodsDelegate.swift in Sources */ = {isa = PBXBuildFile; fileRef = 40CEDD6D296B2C6B0027C6C3 /* AddMethodsDelegate.swift */; };
		40CEDD70296B2C7C0027C6C3 /* AddMethodsPresenter.swift in Sources */ = {isa = PBXBuildFile; fileRef = 40CEDD6F296B2C7C0027C6C3 /* AddMethodsPresenter.swift */; };
		40D2977C29423AF20084D579 /* Database.swift in Sources */ = {isa = PBXBuildFile; fileRef = 40D2977B29423AF20084D579 /* Database.swift */; };
		40D2977E294240B10084D579 /* MonthlyPaymentViewController.swift in Sources */ = {isa = PBXBuildFile; fileRef = 40D2977D294240B10084D579 /* MonthlyPaymentViewController.swift */; };
		40D6AB5A295441F000530577 /* ChangeSettingsViewController.swift in Sources */ = {isa = PBXBuildFile; fileRef = 40D6AB59295441F000530577 /* ChangeSettingsViewController.swift */; };
		40D6AB5C295442FD00530577 /* SettingsTableViewCell.swift in Sources */ = {isa = PBXBuildFile; fileRef = 40D6AB5B295442FD00530577 /* SettingsTableViewCell.swift */; };
		40D6AB602954432500530577 /* BaseTableViewCell.swift in Sources */ = {isa = PBXBuildFile; fileRef = 40D6AB5F2954432500530577 /* BaseTableViewCell.swift */; };
		40D6AB622954435000530577 /* BaseCollectionViewCell.swift in Sources */ = {isa = PBXBuildFile; fileRef = 40D6AB612954435000530577 /* BaseCollectionViewCell.swift */; };
		40DE26522997937A00BB4062 /* InfoTableViewCell.swift in Sources */ = {isa = PBXBuildFile; fileRef = 40DE26512997937A00BB4062 /* InfoTableViewCell.swift */; };
		40DE637E294C53D8001E82B0 /* UserMode.swift in Sources */ = {isa = PBXBuildFile; fileRef = 40DE637D294C53D8001E82B0 /* UserMode.swift */; };
		40DE6382294C93EA001E82B0 /* Language.swift in Sources */ = {isa = PBXBuildFile; fileRef = 40DE6381294C93EA001E82B0 /* Language.swift */; };
		40E044CD298EA3F2004BFF2A /* APIManager.swift in Sources */ = {isa = PBXBuildFile; fileRef = 40E044CC298EA3F2004BFF2A /* APIManager.swift */; };
		40E0B7742997FB2500B707D0 /* Branch.swift in Sources */ = {isa = PBXBuildFile; fileRef = 40E0B7732997FB2500B707D0 /* Branch.swift */; };
		40E0B7762997FBD100B707D0 /* Teacher.swift in Sources */ = {isa = PBXBuildFile; fileRef = 40E0B7752997FBD100B707D0 /* Teacher.swift */; };
		40E0B7782997FC0600B707D0 /* Config.swift in Sources */ = {isa = PBXBuildFile; fileRef = 40E0B7772997FC0600B707D0 /* Config.swift */; };
		40E0B77A2997FE8300B707D0 /* Group.swift in Sources */ = {isa = PBXBuildFile; fileRef = 40E0B7792997FE8300B707D0 /* Group.swift */; };
		40E0B77C2997FEB700B707D0 /* Student.swift in Sources */ = {isa = PBXBuildFile; fileRef = 40E0B77B2997FEB700B707D0 /* Student.swift */; };
		40E0B77E2998014800B707D0 /* Attendance.swift in Sources */ = {isa = PBXBuildFile; fileRef = 40E0B77D2998014800B707D0 /* Attendance.swift */; };
		40E0B7802998018E00B707D0 /* Payment.swift in Sources */ = {isa = PBXBuildFile; fileRef = 40E0B77F2998018E00B707D0 /* Payment.swift */; };
		40E1E02A294731B7007ED9A2 /* HeaderMonthView.swift in Sources */ = {isa = PBXBuildFile; fileRef = 40E1E029294731B7007ED9A2 /* HeaderMonthView.swift */; };
		40E1E02C29473621007ED9A2 /* MonthCollectionViewCell.swift in Sources */ = {isa = PBXBuildFile; fileRef = 40E1E02B29473621007ED9A2 /* MonthCollectionViewCell.swift */; };
		40E1E02E294742DD007ED9A2 /* UICollectionViewFlowLayout+Extension.swift in Sources */ = {isa = PBXBuildFile; fileRef = 40E1E02D294742DD007ED9A2 /* UICollectionViewFlowLayout+Extension.swift */; };
		40E1E03029476337007ED9A2 /* HeaderMonthTableViewCell.swift in Sources */ = {isa = PBXBuildFile; fileRef = 40E1E02F29476337007ED9A2 /* HeaderMonthTableViewCell.swift */; };
		40E4C6C82949C240003F8A56 /* String+Extension.swift in Sources */ = {isa = PBXBuildFile; fileRef = 40E4C6C72949C240003F8A56 /* String+Extension.swift */; };
		40E76E8B2955FE4C0088DE4C /* UIViewController+Extension.swift in Sources */ = {isa = PBXBuildFile; fileRef = 40E76E8A2955FE4C0088DE4C /* UIViewController+Extension.swift */; };
		40E76E8F295631950088DE4C /* ChangePassCodeViewController.swift in Sources */ = {isa = PBXBuildFile; fileRef = 40E76E8E295631950088DE4C /* ChangePassCodeViewController.swift */; };
		40EC8129294DEB81006C4644 /* Localizable.strings in Resources */ = {isa = PBXBuildFile; fileRef = 40EC812B294DEB81006C4644 /* Localizable.strings */; };
		40EF2A97296895220060BB84 /* Errors.swift in Sources */ = {isa = PBXBuildFile; fileRef = 40EF2A96296895220060BB84 /* Errors.swift */; };
		40F91C99299CBE1700F5C7F9 /* Months.swift in Sources */ = {isa = PBXBuildFile; fileRef = 40F91C98299CBE1700F5C7F9 /* Months.swift */; };
		40F91C9B299CBEF800F5C7F9 /* MonthListDelegate.swift in Sources */ = {isa = PBXBuildFile; fileRef = 40F91C9A299CBEF800F5C7F9 /* MonthListDelegate.swift */; };
		40F91C9D299CBF1700F5C7F9 /* MonthListPresenter.swift in Sources */ = {isa = PBXBuildFile; fileRef = 40F91C9C299CBF1700F5C7F9 /* MonthListPresenter.swift */; };
		40F91C9F299CF9EC00F5C7F9 /* TeacherPayments.swift in Sources */ = {isa = PBXBuildFile; fileRef = 40F91C9E299CF9EC00F5C7F9 /* TeacherPayments.swift */; };
		40FE3789292E1A290012706F /* UserViewController.swift in Sources */ = {isa = PBXBuildFile; fileRef = 40FE3788292E1A290012706F /* UserViewController.swift */; };
		40FE378B292E1AF50012706F /* BaseViewController.swift in Sources */ = {isa = PBXBuildFile; fileRef = 40FE378A292E1AF50012706F /* BaseViewController.swift */; };
		40FE378D292E26BD0012706F /* PasswordViewController.swift in Sources */ = {isa = PBXBuildFile; fileRef = 40FE378C292E26BD0012706F /* PasswordViewController.swift */; };
		40FE3795292E4DAB0012706F /* UIDevice+Extension.swift in Sources */ = {isa = PBXBuildFile; fileRef = 40FE3794292E4DAB0012706F /* UIDevice+Extension.swift */; };
		40FF834929448E40000ABBBE /* UIColor+Extension.swift in Sources */ = {isa = PBXBuildFile; fileRef = 40FF834629448E3F000ABBBE /* UIColor+Extension.swift */; };
		40FF834B29448E40000ABBBE /* PieChart.swift in Sources */ = {isa = PBXBuildFile; fileRef = 40FF834829448E3F000ABBBE /* PieChart.swift */; };
		F19C06A60EEE8D1FD60DF186 /* Pods_Express_IELTS.framework in Frameworks */ = {isa = PBXBuildFile; fileRef = 9B534BC954900D6483140CBE /* Pods_Express_IELTS.framework */; };
/* End PBXBuildFile section */

/* Begin PBXFileReference section */
		4005E41A295332C200960A37 /* StudentCheckTableViewCell.swift */ = {isa = PBXFileReference; lastKnownFileType = sourcecode.swift; path = StudentCheckTableViewCell.swift; sourceTree = "<group>"; };
		4005E41E2953343400960A37 /* GroupSize.swift */ = {isa = PBXFileReference; lastKnownFileType = sourcecode.swift; path = GroupSize.swift; sourceTree = "<group>"; };
		4006FEF8299947BD00132E7E /* DateTime.swift */ = {isa = PBXFileReference; lastKnownFileType = sourcecode.swift; path = DateTime.swift; sourceTree = "<group>"; };
		4006FEFD29994EDE00132E7E /* BranchID.swift */ = {isa = PBXFileReference; lastKnownFileType = sourcecode.swift; path = BranchID.swift; sourceTree = "<group>"; };
		4006FEFF29994EF300132E7E /* TeacherID.swift */ = {isa = PBXFileReference; lastKnownFileType = sourcecode.swift; path = TeacherID.swift; sourceTree = "<group>"; };
		4006FF0129994F0800132E7E /* GroupID.swift */ = {isa = PBXFileReference; lastKnownFileType = sourcecode.swift; path = GroupID.swift; sourceTree = "<group>"; };
		400EC15B2945E1A400F120E4 /* BranchRevenueViewController.swift */ = {isa = PBXFileReference; lastKnownFileType = sourcecode.swift; path = BranchRevenueViewController.swift; sourceTree = "<group>"; };
		400EC15D2945E3BB00F120E4 /* TeacherRevenueViewController.swift */ = {isa = PBXFileReference; lastKnownFileType = sourcecode.swift; path = TeacherRevenueViewController.swift; sourceTree = "<group>"; };
		4011F254294B41390000B596 /* StudentsInBranchViewController.swift */ = {isa = PBXFileReference; lastKnownFileType = sourcecode.swift; path = StudentsInBranchViewController.swift; sourceTree = "<group>"; };
		401FC10A296C12510061C11E /* StudentReceiptViewController.swift */ = {isa = PBXFileReference; lastKnownFileType = sourcecode.swift; path = StudentReceiptViewController.swift; sourceTree = "<group>"; };
		401FC10C296C27320061C11E /* GroupType.swift */ = {isa = PBXFileReference; lastKnownFileType = sourcecode.swift; path = GroupType.swift; sourceTree = "<group>"; };
		40226DA82940CE4C00E9489D /* NavView.swift */ = {isa = PBXFileReference; lastKnownFileType = sourcecode.swift; path = NavView.swift; sourceTree = "<group>"; };
		40226DAA2940DEA500E9489D /* AddBranchViewController.swift */ = {isa = PBXFileReference; lastKnownFileType = sourcecode.swift; path = AddBranchViewController.swift; sourceTree = "<group>"; };
		4023A954292D45D4007FD5D5 /* Express IELTS.app */ = {isa = PBXFileReference; explicitFileType = wrapper.application; includeInIndex = 0; path = "Express IELTS.app"; sourceTree = BUILT_PRODUCTS_DIR; };
		4023A957292D45D5007FD5D5 /* AppDelegate.swift */ = {isa = PBXFileReference; lastKnownFileType = sourcecode.swift; path = AppDelegate.swift; sourceTree = "<group>"; };
		4023A959292D45D5007FD5D5 /* SceneDelegate.swift */ = {isa = PBXFileReference; lastKnownFileType = sourcecode.swift; path = SceneDelegate.swift; sourceTree = "<group>"; };
		4023A960292D45D7007FD5D5 /* Assets.xcassets */ = {isa = PBXFileReference; lastKnownFileType = folder.assetcatalog; path = Assets.xcassets; sourceTree = "<group>"; };
		4023A963292D45D7007FD5D5 /* Base */ = {isa = PBXFileReference; lastKnownFileType = file.storyboard; name = Base; path = Base.lproj/LaunchScreen.storyboard; sourceTree = "<group>"; };
		4023A965292D45D7007FD5D5 /* Info.plist */ = {isa = PBXFileReference; lastKnownFileType = text.plist.xml; path = Info.plist; sourceTree = "<group>"; };
		40259B1129693DBE00D6CB60 /* SkeletonTableViewCell.swift */ = {isa = PBXFileReference; lastKnownFileType = sourcecode.swift; path = SkeletonTableViewCell.swift; sourceTree = "<group>"; };
		40259B1329694F7900D6CB60 /* SkeletonViewsTableViewCell.swift */ = {isa = PBXFileReference; lastKnownFileType = sourcecode.swift; path = SkeletonViewsTableViewCell.swift; sourceTree = "<group>"; };
		402A77FE2958702A00B91924 /* CheckCollectionViewCell.swift */ = {isa = PBXFileReference; lastKnownFileType = sourcecode.swift; path = CheckCollectionViewCell.swift; sourceTree = "<group>"; };
		402A78012958992800B91924 /* CheckBoxButton.swift */ = {isa = PBXFileReference; lastKnownFileType = sourcecode.swift; path = CheckBoxButton.swift; sourceTree = "<group>"; };
		4031E57629632B070094F48D /* BranchListPresenter.swift */ = {isa = PBXFileReference; lastKnownFileType = sourcecode.swift; path = BranchListPresenter.swift; sourceTree = "<group>"; };
		4031E57829632CBA0094F48D /* BranchListDelegate.swift */ = {isa = PBXFileReference; lastKnownFileType = sourcecode.swift; path = BranchListDelegate.swift; sourceTree = "<group>"; };
		403203D129597A0900FE64CF /* Defaults.swift */ = {isa = PBXFileReference; lastKnownFileType = sourcecode.swift; path = Defaults.swift; sourceTree = "<group>"; };
		4032766D29642D020077A90E /* GroupListDelegate.swift */ = {isa = PBXFileReference; lastKnownFileType = sourcecode.swift; path = GroupListDelegate.swift; sourceTree = "<group>"; };
		4032766F29642D1A0077A90E /* GroupListPresenter.swift */ = {isa = PBXFileReference; lastKnownFileType = sourcecode.swift; path = GroupListPresenter.swift; sourceTree = "<group>"; };
		4032767129642F760077A90E /* StudentListDelegate.swift */ = {isa = PBXFileReference; lastKnownFileType = sourcecode.swift; path = StudentListDelegate.swift; sourceTree = "<group>"; };
		4032767329642F7F0077A90E /* StudentListPresenter.swift */ = {isa = PBXFileReference; lastKnownFileType = sourcecode.swift; path = StudentListPresenter.swift; sourceTree = "<group>"; };
		4037170C2941FE9E0053CCF2 /* TextField.swift */ = {isa = PBXFileReference; lastKnownFileType = sourcecode.swift; path = TextField.swift; sourceTree = "<group>"; };
		4037170E294200B50053CCF2 /* Button.swift */ = {isa = PBXFileReference; lastKnownFileType = sourcecode.swift; path = Button.swift; sourceTree = "<group>"; };
		4037171029421BDF0053CCF2 /* TeacherListViewController.swift */ = {isa = PBXFileReference; lastKnownFileType = sourcecode.swift; path = TeacherListViewController.swift; sourceTree = "<group>"; };
		40371716294222350053CCF2 /* ConfigListViewController.swift */ = {isa = PBXFileReference; lastKnownFileType = sourcecode.swift; path = ConfigListViewController.swift; sourceTree = "<group>"; };
		4037171C294229F70053CCF2 /* GroupListViewController.swift */ = {isa = PBXFileReference; lastKnownFileType = sourcecode.swift; path = GroupListViewController.swift; sourceTree = "<group>"; };
		4037171E29422B320053CCF2 /* ListTableViewCell.swift */ = {isa = PBXFileReference; lastKnownFileType = sourcecode.swift; path = ListTableViewCell.swift; sourceTree = "<group>"; };
		4037172229422FC90053CCF2 /* AddViewController.swift */ = {isa = PBXFileReference; lastKnownFileType = sourcecode.swift; path = AddViewController.swift; sourceTree = "<group>"; };
		40371724294233A40053CCF2 /* StudentViewController.swift */ = {isa = PBXFileReference; lastKnownFileType = sourcecode.swift; path = StudentViewController.swift; sourceTree = "<group>"; };
		404B436A296C7B1000D9D887 /* UIButton+Extension.swift */ = {isa = PBXFileReference; lastKnownFileType = sourcecode.swift; path = "UIButton+Extension.swift"; sourceTree = "<group>"; };
		4052F9FB29641DD90002C353 /* TeacherListDelegate.swift */ = {isa = PBXFileReference; lastKnownFileType = sourcecode.swift; path = TeacherListDelegate.swift; sourceTree = "<group>"; };
		4052F9FD29641DEB0002C353 /* TeacherListPresenter.swift */ = {isa = PBXFileReference; lastKnownFileType = sourcecode.swift; path = TeacherListPresenter.swift; sourceTree = "<group>"; };
		4052F9FF296422200002C353 /* TeacherConfigListDelegate.swift */ = {isa = PBXFileReference; lastKnownFileType = sourcecode.swift; path = TeacherConfigListDelegate.swift; sourceTree = "<group>"; };
		4052FA01296422290002C353 /* TeacherConfigListPresenter.swift */ = {isa = PBXFileReference; lastKnownFileType = sourcecode.swift; path = TeacherConfigListPresenter.swift; sourceTree = "<group>"; };
		405912412945A70F00620278 /* TotalRevenueView.swift */ = {isa = PBXFileReference; lastKnownFileType = sourcecode.swift; path = TotalRevenueView.swift; sourceTree = "<group>"; };
		405DFC10296E97A300EEC824 /* success.json */ = {isa = PBXFileReference; fileEncoding = 4; lastKnownFileType = text.json; path = success.json; sourceTree = "<group>"; };
		40621287299B5B7800F7087B /* User.swift */ = {isa = PBXFileReference; lastKnownFileType = sourcecode.swift; path = User.swift; sourceTree = "<group>"; };
		406440E6299A6C6A00660A7E /* StudentWithAttendance.swift */ = {isa = PBXFileReference; lastKnownFileType = sourcecode.swift; path = StudentWithAttendance.swift; sourceTree = "<group>"; };
		406996FB292F6D3E00090507 /* AuthUserViewController.swift */ = {isa = PBXFileReference; lastKnownFileType = sourcecode.swift; path = AuthUserViewController.swift; sourceTree = "<group>"; };
		406996FD292F77DE00090507 /* UITextField+Extension.swift */ = {isa = PBXFileReference; lastKnownFileType = sourcecode.swift; path = "UITextField+Extension.swift"; sourceTree = "<group>"; };
		4080B0CD29558F9C009C22AC /* acces-denied.json */ = {isa = PBXFileReference; fileEncoding = 4; lastKnownFileType = text.json; path = "acces-denied.json"; sourceTree = "<group>"; };
		4080B0CF2955901F009C22AC /* ChangePasswordViewController.swift */ = {isa = PBXFileReference; lastKnownFileType = sourcecode.swift; path = ChangePasswordViewController.swift; sourceTree = "<group>"; };
		409007592999585C0075C4C8 /* ConfigID.swift */ = {isa = PBXFileReference; lastKnownFileType = sourcecode.swift; path = ConfigID.swift; sourceTree = "<group>"; };
		4099D0C32969671D00C219BA /* TeacherPaymentListDelegate.swift */ = {isa = PBXFileReference; lastKnownFileType = sourcecode.swift; path = TeacherPaymentListDelegate.swift; sourceTree = "<group>"; };
		4099D0C52969675500C219BA /* TeacherPaymentListPresenter.swift */ = {isa = PBXFileReference; lastKnownFileType = sourcecode.swift; path = TeacherPaymentListPresenter.swift; sourceTree = "<group>"; };
		40A9083E2998D596008324F5 /* Constants.swift */ = {isa = PBXFileReference; lastKnownFileType = sourcecode.swift; path = Constants.swift; sourceTree = "<group>"; };
		40AE19C6299BE3BD00D62948 /* Express IELTSRelease.entitlements */ = {isa = PBXFileReference; lastKnownFileType = text.plist.entitlements; path = "Express IELTSRelease.entitlements"; sourceTree = "<group>"; };
		40B0AF85299A05A600219ABB /* StudentID.swift */ = {isa = PBXFileReference; lastKnownFileType = sourcecode.swift; path = StudentID.swift; sourceTree = "<group>"; };
		40B0AF87299A129D00219ABB /* aAddViewController.swift */ = {isa = PBXFileReference; lastKnownFileType = sourcecode.swift; path = aAddViewController.swift; sourceTree = "<group>"; };
		40C9DE38293DF32E00CC4BFA /* MainTabViewController.swift */ = {isa = PBXFileReference; lastKnownFileType = sourcecode.swift; path = MainTabViewController.swift; sourceTree = "<group>"; };
		40C9DE3A293DF6A700CC4BFA /* TabItemView.swift */ = {isa = PBXFileReference; lastKnownFileType = sourcecode.swift; path = TabItemView.swift; sourceTree = "<group>"; };
		40C9DE3D293DFAAA00CC4BFA /* BranchListViewController.swift */ = {isa = PBXFileReference; lastKnownFileType = sourcecode.swift; path = BranchListViewController.swift; sourceTree = "<group>"; };
		40C9DE3F293DFAB500CC4BFA /* PaymentViewController.swift */ = {isa = PBXFileReference; lastKnownFileType = sourcecode.swift; path = PaymentViewController.swift; sourceTree = "<group>"; };
		40C9DE41293DFABF00CC4BFA /* StudentsViewController.swift */ = {isa = PBXFileReference; lastKnownFileType = sourcecode.swift; path = StudentsViewController.swift; sourceTree = "<group>"; };
		40C9DE43293DFAC800CC4BFA /* SettingsViewController.swift */ = {isa = PBXFileReference; lastKnownFileType = sourcecode.swift; path = SettingsViewController.swift; sourceTree = "<group>"; };
		40CEDD69296B23F00027C6C3 /* UserMethodsDelegate.swift */ = {isa = PBXFileReference; lastKnownFileType = sourcecode.swift; path = UserMethodsDelegate.swift; sourceTree = "<group>"; };
		40CEDD6B296B23FC0027C6C3 /* UserMethodsPresenter.swift */ = {isa = PBXFileReference; lastKnownFileType = sourcecode.swift; path = UserMethodsPresenter.swift; sourceTree = "<group>"; };
		40CEDD6D296B2C6B0027C6C3 /* AddMethodsDelegate.swift */ = {isa = PBXFileReference; lastKnownFileType = sourcecode.swift; path = AddMethodsDelegate.swift; sourceTree = "<group>"; };
		40CEDD6F296B2C7C0027C6C3 /* AddMethodsPresenter.swift */ = {isa = PBXFileReference; lastKnownFileType = sourcecode.swift; path = AddMethodsPresenter.swift; sourceTree = "<group>"; };
		40D2977B29423AF20084D579 /* Database.swift */ = {isa = PBXFileReference; lastKnownFileType = sourcecode.swift; path = Database.swift; sourceTree = "<group>"; };
		40D2977D294240B10084D579 /* MonthlyPaymentViewController.swift */ = {isa = PBXFileReference; lastKnownFileType = sourcecode.swift; path = MonthlyPaymentViewController.swift; sourceTree = "<group>"; };
		40D6AB59295441F000530577 /* ChangeSettingsViewController.swift */ = {isa = PBXFileReference; lastKnownFileType = sourcecode.swift; path = ChangeSettingsViewController.swift; sourceTree = "<group>"; };
		40D6AB5B295442FD00530577 /* SettingsTableViewCell.swift */ = {isa = PBXFileReference; lastKnownFileType = sourcecode.swift; path = SettingsTableViewCell.swift; sourceTree = "<group>"; };
		40D6AB5F2954432500530577 /* BaseTableViewCell.swift */ = {isa = PBXFileReference; lastKnownFileType = sourcecode.swift; path = BaseTableViewCell.swift; sourceTree = "<group>"; };
		40D6AB612954435000530577 /* BaseCollectionViewCell.swift */ = {isa = PBXFileReference; lastKnownFileType = sourcecode.swift; path = BaseCollectionViewCell.swift; sourceTree = "<group>"; };
		40DE26512997937A00BB4062 /* InfoTableViewCell.swift */ = {isa = PBXFileReference; lastKnownFileType = sourcecode.swift; path = InfoTableViewCell.swift; sourceTree = "<group>"; };
		40DE637D294C53D8001E82B0 /* UserMode.swift */ = {isa = PBXFileReference; lastKnownFileType = sourcecode.swift; path = UserMode.swift; sourceTree = "<group>"; };
		40DE6381294C93EA001E82B0 /* Language.swift */ = {isa = PBXFileReference; lastKnownFileType = sourcecode.swift; path = Language.swift; sourceTree = "<group>"; };
		40E044CC298EA3F2004BFF2A /* APIManager.swift */ = {isa = PBXFileReference; lastKnownFileType = sourcecode.swift; path = APIManager.swift; sourceTree = "<group>"; };
		40E0B7732997FB2500B707D0 /* Branch.swift */ = {isa = PBXFileReference; lastKnownFileType = sourcecode.swift; path = Branch.swift; sourceTree = "<group>"; };
		40E0B7752997FBD100B707D0 /* Teacher.swift */ = {isa = PBXFileReference; lastKnownFileType = sourcecode.swift; path = Teacher.swift; sourceTree = "<group>"; };
		40E0B7772997FC0600B707D0 /* Config.swift */ = {isa = PBXFileReference; lastKnownFileType = sourcecode.swift; path = Config.swift; sourceTree = "<group>"; };
		40E0B7792997FE8300B707D0 /* Group.swift */ = {isa = PBXFileReference; lastKnownFileType = sourcecode.swift; path = Group.swift; sourceTree = "<group>"; };
		40E0B77B2997FEB700B707D0 /* Student.swift */ = {isa = PBXFileReference; lastKnownFileType = sourcecode.swift; path = Student.swift; sourceTree = "<group>"; };
		40E0B77D2998014800B707D0 /* Attendance.swift */ = {isa = PBXFileReference; lastKnownFileType = sourcecode.swift; path = Attendance.swift; sourceTree = "<group>"; };
		40E0B77F2998018E00B707D0 /* Payment.swift */ = {isa = PBXFileReference; lastKnownFileType = sourcecode.swift; path = Payment.swift; sourceTree = "<group>"; };
		40E1E029294731B7007ED9A2 /* HeaderMonthView.swift */ = {isa = PBXFileReference; lastKnownFileType = sourcecode.swift; path = HeaderMonthView.swift; sourceTree = "<group>"; };
		40E1E02B29473621007ED9A2 /* MonthCollectionViewCell.swift */ = {isa = PBXFileReference; lastKnownFileType = sourcecode.swift; path = MonthCollectionViewCell.swift; sourceTree = "<group>"; };
		40E1E02D294742DD007ED9A2 /* UICollectionViewFlowLayout+Extension.swift */ = {isa = PBXFileReference; lastKnownFileType = sourcecode.swift; path = "UICollectionViewFlowLayout+Extension.swift"; sourceTree = "<group>"; };
		40E1E02F29476337007ED9A2 /* HeaderMonthTableViewCell.swift */ = {isa = PBXFileReference; lastKnownFileType = sourcecode.swift; path = HeaderMonthTableViewCell.swift; sourceTree = "<group>"; };
		40E4C6C72949C240003F8A56 /* String+Extension.swift */ = {isa = PBXFileReference; lastKnownFileType = sourcecode.swift; path = "String+Extension.swift"; sourceTree = "<group>"; };
		40E76E8A2955FE4C0088DE4C /* UIViewController+Extension.swift */ = {isa = PBXFileReference; lastKnownFileType = sourcecode.swift; path = "UIViewController+Extension.swift"; sourceTree = "<group>"; };
		40E76E8E295631950088DE4C /* ChangePassCodeViewController.swift */ = {isa = PBXFileReference; lastKnownFileType = sourcecode.swift; path = ChangePassCodeViewController.swift; sourceTree = "<group>"; };
		40EC812A294DEB81006C4644 /* en */ = {isa = PBXFileReference; lastKnownFileType = text.plist.strings; name = en; path = en.lproj/Localizable.strings; sourceTree = "<group>"; };
		40EC812D294DEBB5006C4644 /* ru */ = {isa = PBXFileReference; lastKnownFileType = text.plist.strings; name = ru; path = ru.lproj/Localizable.strings; sourceTree = "<group>"; };
		40EC812E294DEBC8006C4644 /* uz */ = {isa = PBXFileReference; lastKnownFileType = text.plist.strings; name = uz; path = uz.lproj/Localizable.strings; sourceTree = "<group>"; };
		40EF2A96296895220060BB84 /* Errors.swift */ = {isa = PBXFileReference; lastKnownFileType = sourcecode.swift; path = Errors.swift; sourceTree = "<group>"; };
		40F91C98299CBE1700F5C7F9 /* Months.swift */ = {isa = PBXFileReference; lastKnownFileType = sourcecode.swift; path = Months.swift; sourceTree = "<group>"; };
		40F91C9A299CBEF800F5C7F9 /* MonthListDelegate.swift */ = {isa = PBXFileReference; lastKnownFileType = sourcecode.swift; path = MonthListDelegate.swift; sourceTree = "<group>"; };
		40F91C9C299CBF1700F5C7F9 /* MonthListPresenter.swift */ = {isa = PBXFileReference; lastKnownFileType = sourcecode.swift; path = MonthListPresenter.swift; sourceTree = "<group>"; };
		40F91C9E299CF9EC00F5C7F9 /* TeacherPayments.swift */ = {isa = PBXFileReference; lastKnownFileType = sourcecode.swift; path = TeacherPayments.swift; sourceTree = "<group>"; };
		40FE3788292E1A290012706F /* UserViewController.swift */ = {isa = PBXFileReference; lastKnownFileType = sourcecode.swift; path = UserViewController.swift; sourceTree = "<group>"; };
		40FE378A292E1AF50012706F /* BaseViewController.swift */ = {isa = PBXFileReference; lastKnownFileType = sourcecode.swift; path = BaseViewController.swift; sourceTree = "<group>"; };
		40FE378C292E26BD0012706F /* PasswordViewController.swift */ = {isa = PBXFileReference; lastKnownFileType = sourcecode.swift; path = PasswordViewController.swift; sourceTree = "<group>"; };
		40FE3794292E4DAB0012706F /* UIDevice+Extension.swift */ = {isa = PBXFileReference; lastKnownFileType = sourcecode.swift; path = "UIDevice+Extension.swift"; sourceTree = "<group>"; };
		40FF834629448E3F000ABBBE /* UIColor+Extension.swift */ = {isa = PBXFileReference; fileEncoding = 4; lastKnownFileType = sourcecode.swift; path = "UIColor+Extension.swift"; sourceTree = "<group>"; };
		40FF834829448E3F000ABBBE /* PieChart.swift */ = {isa = PBXFileReference; fileEncoding = 4; lastKnownFileType = sourcecode.swift; path = PieChart.swift; sourceTree = "<group>"; };
		9B534BC954900D6483140CBE /* Pods_Express_IELTS.framework */ = {isa = PBXFileReference; explicitFileType = wrapper.framework; includeInIndex = 0; path = Pods_Express_IELTS.framework; sourceTree = BUILT_PRODUCTS_DIR; };
		C4DEC3821F68C64C920B57DB /* Pods-Express IELTS.release.xcconfig */ = {isa = PBXFileReference; includeInIndex = 1; lastKnownFileType = text.xcconfig; name = "Pods-Express IELTS.release.xcconfig"; path = "Target Support Files/Pods-Express IELTS/Pods-Express IELTS.release.xcconfig"; sourceTree = "<group>"; };
		F6C83EB19D0501A21968ECA5 /* Pods-Express IELTS.debug.xcconfig */ = {isa = PBXFileReference; includeInIndex = 1; lastKnownFileType = text.xcconfig; name = "Pods-Express IELTS.debug.xcconfig"; path = "Target Support Files/Pods-Express IELTS/Pods-Express IELTS.debug.xcconfig"; sourceTree = "<group>"; };
/* End PBXFileReference section */

/* Begin PBXFrameworksBuildPhase section */
		4023A951292D45D4007FD5D5 /* Frameworks */ = {
			isa = PBXFrameworksBuildPhase;
			buildActionMask = 2147483647;
			files = (
				F19C06A60EEE8D1FD60DF186 /* Pods_Express_IELTS.framework in Frameworks */,
			);
			runOnlyForDeploymentPostprocessing = 0;
		};
/* End PBXFrameworksBuildPhase section */

/* Begin PBXGroup section */
		4005E41C2953339900960A37 /* TableViewCells */ = {
			isa = PBXGroup;
			children = (
				4037171E29422B320053CCF2 /* ListTableViewCell.swift */,
				4005E41A295332C200960A37 /* StudentCheckTableViewCell.swift */,
				40D6AB5B295442FD00530577 /* SettingsTableViewCell.swift */,
				40259B1129693DBE00D6CB60 /* SkeletonTableViewCell.swift */,
				40259B1329694F7900D6CB60 /* SkeletonViewsTableViewCell.swift */,
				40DE26512997937A00BB4062 /* InfoTableViewCell.swift */,
			);
			path = TableViewCells;
			sourceTree = "<group>";
		};
		4005E41D295333A700960A37 /* CollectionViewCells */ = {
			isa = PBXGroup;
			children = (
				40E1E02F29476337007ED9A2 /* HeaderMonthTableViewCell.swift */,
				40E1E02B29473621007ED9A2 /* MonthCollectionViewCell.swift */,
				402A77FE2958702A00B91924 /* CheckCollectionViewCell.swift */,
			);
			path = CollectionViewCells;
			sourceTree = "<group>";
		};
		4006FEFC29994ED400132E7E /* ID */ = {
			isa = PBXGroup;
			children = (
				4006FEFD29994EDE00132E7E /* BranchID.swift */,
				4006FEFF29994EF300132E7E /* TeacherID.swift */,
				4006FF0129994F0800132E7E /* GroupID.swift */,
				409007592999585C0075C4C8 /* ConfigID.swift */,
				40B0AF85299A05A600219ABB /* StudentID.swift */,
			);
			path = ID;
			sourceTree = "<group>";
		};
		40226DA72940CE0A00E9489D /* Views */ = {
			isa = PBXGroup;
			children = (
				40C9DE3A293DF6A700CC4BFA /* TabItemView.swift */,
				40226DA82940CE4C00E9489D /* NavView.swift */,
				405912412945A70F00620278 /* TotalRevenueView.swift */,
				40E1E029294731B7007ED9A2 /* HeaderMonthView.swift */,
			);
			path = Views;
			sourceTree = "<group>";
		};
		40226DAC2940E0D800E9489D /* Cells */ = {
			isa = PBXGroup;
			children = (
				4005E41C2953339900960A37 /* TableViewCells */,
				4005E41D295333A700960A37 /* CollectionViewCells */,
			);
			path = Cells;
			sourceTree = "<group>";
		};
		4023A94B292D45D4007FD5D5 = {
			isa = PBXGroup;
			children = (
				4023A956292D45D5007FD5D5 /* Express IELTS */,
				4023A955292D45D4007FD5D5 /* Products */,
				DBCB7B8E31F2C5D998A83612 /* Pods */,
				A016E43FBEDFCEED1D715BB5 /* Frameworks */,
			);
			sourceTree = "<group>";
		};
		4023A955292D45D4007FD5D5 /* Products */ = {
			isa = PBXGroup;
			children = (
				4023A954292D45D4007FD5D5 /* Express IELTS.app */,
			);
			name = Products;
			sourceTree = "<group>";
		};
		4023A956292D45D5007FD5D5 /* Express IELTS */ = {
			isa = PBXGroup;
			children = (
				40AE19C6299BE3BD00D62948 /* Express IELTSRelease.entitlements */,
				40D6AB5D2954430E00530577 /* Base */,
				4037170A2941FE750053CCF2 /* Customs */,
				40E1E04F294792B7007ED9A2 /* Animations */,
				40FF834529448E29000ABBBE /* PieChart */,
				40FE378E292E34970012706F /* Models */,
				40FE378F292E349F0012706F /* Protocols */,
				4052F9FA2964107B0002C353 /* Presenters */,
				40FE3790292E34A50012706F /* ViewControllers */,
				4080B0C829558987009C22AC /* Database */,
				40DE637C294C53CE001E82B0 /* Enums */,
				40FE3793292E4D960012706F /* Extensions */,
				4088F960292E77860006614C /* API */,
				40FE3792292E34E70012706F /* AppConfigs */,
				40EC812B294DEB81006C4644 /* Localizable.strings */,
				4023A965292D45D7007FD5D5 /* Info.plist */,
			);
			path = "Express IELTS";
			sourceTree = "<group>";
		};
		402A7800295898F800B91924 /* Button */ = {
			isa = PBXGroup;
			children = (
				4037170E294200B50053CCF2 /* Button.swift */,
				402A78012958992800B91924 /* CheckBoxButton.swift */,
			);
			path = Button;
			sourceTree = "<group>";
		};
		4037170A2941FE750053CCF2 /* Customs */ = {
			isa = PBXGroup;
			children = (
				402A7800295898F800B91924 /* Button */,
				4037170B2941FE850053CCF2 /* TextField */,
				40226DAC2940E0D800E9489D /* Cells */,
				40226DA72940CE0A00E9489D /* Views */,
			);
			path = Customs;
			sourceTree = "<group>";
		};
		4037170B2941FE850053CCF2 /* TextField */ = {
			isa = PBXGroup;
			children = (
				4037170C2941FE9E0053CCF2 /* TextField.swift */,
			);
			path = TextField;
			sourceTree = "<group>";
		};
		4052F9FA2964107B0002C353 /* Presenters */ = {
			isa = PBXGroup;
			children = (
				40CEDD6B296B23FC0027C6C3 /* UserMethodsPresenter.swift */,
				4031E57629632B070094F48D /* BranchListPresenter.swift */,
				4052F9FD29641DEB0002C353 /* TeacherListPresenter.swift */,
				4052FA01296422290002C353 /* TeacherConfigListPresenter.swift */,
				4032766F29642D1A0077A90E /* GroupListPresenter.swift */,
				4032767329642F7F0077A90E /* StudentListPresenter.swift */,
				4099D0C52969675500C219BA /* TeacherPaymentListPresenter.swift */,
				40CEDD6F296B2C7C0027C6C3 /* AddMethodsPresenter.swift */,
				40F91C9C299CBF1700F5C7F9 /* MonthListPresenter.swift */,
			);
			path = Presenters;
			sourceTree = "<group>";
		};
		4080B0C729558952009C22AC /* AddViewControllers */ = {
			isa = PBXGroup;
			children = (
				40226DAA2940DEA500E9489D /* AddBranchViewController.swift */,
				4037172229422FC90053CCF2 /* AddViewController.swift */,
				40B0AF87299A129D00219ABB /* aAddViewController.swift */,
			);
			path = AddViewControllers;
			sourceTree = "<group>";
		};
		4080B0C829558987009C22AC /* Database */ = {
			isa = PBXGroup;
			children = (
				40D2977B29423AF20084D579 /* Database.swift */,
				403203D129597A0900FE64CF /* Defaults.swift */,
			);
			path = Database;
			sourceTree = "<group>";
		};
		4080B0C929558A01009C22AC /* MainViewControllers */ = {
			isa = PBXGroup;
			children = (
				4037171029421BDF0053CCF2 /* TeacherListViewController.swift */,
				40371716294222350053CCF2 /* ConfigListViewController.swift */,
				4037171C294229F70053CCF2 /* GroupListViewController.swift */,
				40371724294233A40053CCF2 /* StudentViewController.swift */,
			);
			path = MainViewControllers;
			sourceTree = "<group>";
		};
		4080B0CA29558A3E009C22AC /* PaymentViewControllers */ = {
			isa = PBXGroup;
			children = (
				400EC15B2945E1A400F120E4 /* BranchRevenueViewController.swift */,
				400EC15D2945E3BB00F120E4 /* TeacherRevenueViewController.swift */,
				40D2977D294240B10084D579 /* MonthlyPaymentViewController.swift */,
				401FC10A296C12510061C11E /* StudentReceiptViewController.swift */,
			);
			path = PaymentViewControllers;
			sourceTree = "<group>";
		};
		4080B0CB29558ECA009C22AC /* SettingsViewControllers */ = {
			isa = PBXGroup;
			children = (
				40D6AB59295441F000530577 /* ChangeSettingsViewController.swift */,
				4080B0CF2955901F009C22AC /* ChangePasswordViewController.swift */,
				40E76E8E295631950088DE4C /* ChangePassCodeViewController.swift */,
			);
			path = SettingsViewControllers;
			sourceTree = "<group>";
		};
		4080B0CC29558EEE009C22AC /* StudentsViewControllers */ = {
			isa = PBXGroup;
			children = (
				4011F254294B41390000B596 /* StudentsInBranchViewController.swift */,
			);
			path = StudentsViewControllers;
			sourceTree = "<group>";
		};
		4088F960292E77860006614C /* API */ = {
			isa = PBXGroup;
			children = (
				40E044CC298EA3F2004BFF2A /* APIManager.swift */,
				40A9083E2998D596008324F5 /* Constants.swift */,
			);
			path = API;
			sourceTree = "<group>";
		};
		40C9DE37293DF2C600CC4BFA /* Auth */ = {
			isa = PBXGroup;
			children = (
				40FE3788292E1A290012706F /* UserViewController.swift */,
				40FE378C292E26BD0012706F /* PasswordViewController.swift */,
				406996FB292F6D3E00090507 /* AuthUserViewController.swift */,
			);
			path = Auth;
			sourceTree = "<group>";
		};
		40C9DE3C293DFA9200CC4BFA /* TabViewControllers */ = {
			isa = PBXGroup;
			children = (
				40C9DE38293DF32E00CC4BFA /* MainTabViewController.swift */,
				40C9DE3D293DFAAA00CC4BFA /* BranchListViewController.swift */,
				40C9DE3F293DFAB500CC4BFA /* PaymentViewController.swift */,
				40C9DE41293DFABF00CC4BFA /* StudentsViewController.swift */,
				40C9DE43293DFAC800CC4BFA /* SettingsViewController.swift */,
			);
			path = TabViewControllers;
			sourceTree = "<group>";
		};
		40D6AB5D2954430E00530577 /* Base */ = {
			isa = PBXGroup;
			children = (
				40FE378A292E1AF50012706F /* BaseViewController.swift */,
				40D6AB5F2954432500530577 /* BaseTableViewCell.swift */,
				40D6AB612954435000530577 /* BaseCollectionViewCell.swift */,
			);
			path = Base;
			sourceTree = "<group>";
		};
		40DE637C294C53CE001E82B0 /* Enums */ = {
			isa = PBXGroup;
			children = (
				40DE637D294C53D8001E82B0 /* UserMode.swift */,
				40DE6381294C93EA001E82B0 /* Language.swift */,
				4005E41E2953343400960A37 /* GroupSize.swift */,
				40EF2A96296895220060BB84 /* Errors.swift */,
				401FC10C296C27320061C11E /* GroupType.swift */,
			);
			path = Enums;
			sourceTree = "<group>";
		};
		40E1E04F294792B7007ED9A2 /* Animations */ = {
			isa = PBXGroup;
			children = (
				4080B0CD29558F9C009C22AC /* acces-denied.json */,
				405DFC10296E97A300EEC824 /* success.json */,
			);
			path = Animations;
			sourceTree = "<group>";
		};
		40FE378E292E34970012706F /* Models */ = {
			isa = PBXGroup;
			children = (
				4006FEFC29994ED400132E7E /* ID */,
				40E0B7732997FB2500B707D0 /* Branch.swift */,
				40E0B7752997FBD100B707D0 /* Teacher.swift */,
				40E0B7772997FC0600B707D0 /* Config.swift */,
				40E0B7792997FE8300B707D0 /* Group.swift */,
				40E0B77B2997FEB700B707D0 /* Student.swift */,
				40E0B77D2998014800B707D0 /* Attendance.swift */,
				40E0B77F2998018E00B707D0 /* Payment.swift */,
				4006FEF8299947BD00132E7E /* DateTime.swift */,
				406440E6299A6C6A00660A7E /* StudentWithAttendance.swift */,
				40621287299B5B7800F7087B /* User.swift */,
				40F91C98299CBE1700F5C7F9 /* Months.swift */,
				40F91C9E299CF9EC00F5C7F9 /* TeacherPayments.swift */,
			);
			path = Models;
			sourceTree = "<group>";
		};
		40FE378F292E349F0012706F /* Protocols */ = {
			isa = PBXGroup;
			children = (
				40CEDD69296B23F00027C6C3 /* UserMethodsDelegate.swift */,
				4031E57829632CBA0094F48D /* BranchListDelegate.swift */,
				4052F9FB29641DD90002C353 /* TeacherListDelegate.swift */,
				4052F9FF296422200002C353 /* TeacherConfigListDelegate.swift */,
				4032766D29642D020077A90E /* GroupListDelegate.swift */,
				4032767129642F760077A90E /* StudentListDelegate.swift */,
				4099D0C32969671D00C219BA /* TeacherPaymentListDelegate.swift */,
				40CEDD6D296B2C6B0027C6C3 /* AddMethodsDelegate.swift */,
				40F91C9A299CBEF800F5C7F9 /* MonthListDelegate.swift */,
			);
			path = Protocols;
			sourceTree = "<group>";
		};
		40FE3790292E34A50012706F /* ViewControllers */ = {
			isa = PBXGroup;
			children = (
				4080B0C729558952009C22AC /* AddViewControllers */,
				40C9DE37293DF2C600CC4BFA /* Auth */,
				40C9DE3C293DFA9200CC4BFA /* TabViewControllers */,
				4080B0C929558A01009C22AC /* MainViewControllers */,
				4080B0CA29558A3E009C22AC /* PaymentViewControllers */,
				4080B0CC29558EEE009C22AC /* StudentsViewControllers */,
				4080B0CB29558ECA009C22AC /* SettingsViewControllers */,
			);
			path = ViewControllers;
			sourceTree = "<group>";
		};
		40FE3792292E34E70012706F /* AppConfigs */ = {
			isa = PBXGroup;
			children = (
				4023A957292D45D5007FD5D5 /* AppDelegate.swift */,
				4023A959292D45D5007FD5D5 /* SceneDelegate.swift */,
				4023A960292D45D7007FD5D5 /* Assets.xcassets */,
				4023A962292D45D7007FD5D5 /* LaunchScreen.storyboard */,
			);
			path = AppConfigs;
			sourceTree = "<group>";
		};
		40FE3793292E4D960012706F /* Extensions */ = {
			isa = PBXGroup;
			children = (
				40FE3794292E4DAB0012706F /* UIDevice+Extension.swift */,
				406996FD292F77DE00090507 /* UITextField+Extension.swift */,
				40FF834629448E3F000ABBBE /* UIColor+Extension.swift */,
				40E1E02D294742DD007ED9A2 /* UICollectionViewFlowLayout+Extension.swift */,
				40E4C6C72949C240003F8A56 /* String+Extension.swift */,
				40E76E8A2955FE4C0088DE4C /* UIViewController+Extension.swift */,
				404B436A296C7B1000D9D887 /* UIButton+Extension.swift */,
			);
			path = Extensions;
			sourceTree = "<group>";
		};
		40FF834529448E29000ABBBE /* PieChart */ = {
			isa = PBXGroup;
			children = (
				40FF834829448E3F000ABBBE /* PieChart.swift */,
			);
			path = PieChart;
			sourceTree = "<group>";
		};
		A016E43FBEDFCEED1D715BB5 /* Frameworks */ = {
			isa = PBXGroup;
			children = (
				9B534BC954900D6483140CBE /* Pods_Express_IELTS.framework */,
			);
			name = Frameworks;
			sourceTree = "<group>";
		};
		DBCB7B8E31F2C5D998A83612 /* Pods */ = {
			isa = PBXGroup;
			children = (
				F6C83EB19D0501A21968ECA5 /* Pods-Express IELTS.debug.xcconfig */,
				C4DEC3821F68C64C920B57DB /* Pods-Express IELTS.release.xcconfig */,
			);
			path = Pods;
			sourceTree = "<group>";
		};
/* End PBXGroup section */

/* Begin PBXNativeTarget section */
		4023A953292D45D4007FD5D5 /* Express IELTS */ = {
			isa = PBXNativeTarget;
			buildConfigurationList = 4023A968292D45D7007FD5D5 /* Build configuration list for PBXNativeTarget "Express IELTS" */;
			buildPhases = (
				9AEDC60911A878316EFF2C23 /* [CP] Check Pods Manifest.lock */,
				4023A950292D45D4007FD5D5 /* Sources */,
				4023A951292D45D4007FD5D5 /* Frameworks */,
				4023A952292D45D4007FD5D5 /* Resources */,
				AA5222AAC10F87AAC59BC761 /* [CP] Embed Pods Frameworks */,
			);
			buildRules = (
			);
			dependencies = (
			);
			name = "Express IELTS";
			productName = "Express IELTS";
			productReference = 4023A954292D45D4007FD5D5 /* Express IELTS.app */;
			productType = "com.apple.product-type.application";
		};
/* End PBXNativeTarget section */

/* Begin PBXProject section */
		4023A94C292D45D4007FD5D5 /* Project object */ = {
			isa = PBXProject;
			attributes = {
				BuildIndependentTargetsInParallel = 1;
				LastSwiftUpdateCheck = 1330;
				LastUpgradeCheck = 1330;
				TargetAttributes = {
					4023A953292D45D4007FD5D5 = {
						CreatedOnToolsVersion = 13.3.1;
					};
				};
			};
			buildConfigurationList = 4023A94F292D45D4007FD5D5 /* Build configuration list for PBXProject "Express IELTS" */;
			compatibilityVersion = "Xcode 13.0";
			developmentRegion = en;
			hasScannedForEncodings = 0;
			knownRegions = (
				en,
				Base,
				ru,
				uz,
			);
			mainGroup = 4023A94B292D45D4007FD5D5;
			productRefGroup = 4023A955292D45D4007FD5D5 /* Products */;
			projectDirPath = "";
			projectRoot = "";
			targets = (
				4023A953292D45D4007FD5D5 /* Express IELTS */,
			);
		};
/* End PBXProject section */

/* Begin PBXResourcesBuildPhase section */
		4023A952292D45D4007FD5D5 /* Resources */ = {
			isa = PBXResourcesBuildPhase;
			buildActionMask = 2147483647;
			files = (
				40EC8129294DEB81006C4644 /* Localizable.strings in Resources */,
				4023A964292D45D7007FD5D5 /* LaunchScreen.storyboard in Resources */,
				4023A961292D45D7007FD5D5 /* Assets.xcassets in Resources */,
				4080B0CE29558F9C009C22AC /* acces-denied.json in Resources */,
				405DFC11296E97A300EEC824 /* success.json in Resources */,
			);
			runOnlyForDeploymentPostprocessing = 0;
		};
/* End PBXResourcesBuildPhase section */

/* Begin PBXShellScriptBuildPhase section */
		9AEDC60911A878316EFF2C23 /* [CP] Check Pods Manifest.lock */ = {
			isa = PBXShellScriptBuildPhase;
			buildActionMask = 2147483647;
			files = (
			);
			inputFileListPaths = (
			);
			inputPaths = (
				"${PODS_PODFILE_DIR_PATH}/Podfile.lock",
				"${PODS_ROOT}/Manifest.lock",
			);
			name = "[CP] Check Pods Manifest.lock";
			outputFileListPaths = (
			);
			outputPaths = (
				"$(DERIVED_FILE_DIR)/Pods-Express IELTS-checkManifestLockResult.txt",
			);
			runOnlyForDeploymentPostprocessing = 0;
			shellPath = /bin/sh;
			shellScript = "diff \"${PODS_PODFILE_DIR_PATH}/Podfile.lock\" \"${PODS_ROOT}/Manifest.lock\" > /dev/null\nif [ $? != 0 ] ; then\n    # print error to STDERR\n    echo \"error: The sandbox is not in sync with the Podfile.lock. Run 'pod install' or update your CocoaPods installation.\" >&2\n    exit 1\nfi\n# This output is used by Xcode 'outputs' to avoid re-running this script phase.\necho \"SUCCESS\" > \"${SCRIPT_OUTPUT_FILE_0}\"\n";
			showEnvVarsInLog = 0;
		};
		AA5222AAC10F87AAC59BC761 /* [CP] Embed Pods Frameworks */ = {
			isa = PBXShellScriptBuildPhase;
			buildActionMask = 2147483647;
			files = (
			);
			inputFileListPaths = (
				"${PODS_ROOT}/Target Support Files/Pods-Express IELTS/Pods-Express IELTS-frameworks-${CONFIGURATION}-input-files.xcfilelist",
			);
			name = "[CP] Embed Pods Frameworks";
			outputFileListPaths = (
				"${PODS_ROOT}/Target Support Files/Pods-Express IELTS/Pods-Express IELTS-frameworks-${CONFIGURATION}-output-files.xcfilelist",
			);
			runOnlyForDeploymentPostprocessing = 0;
			shellPath = /bin/sh;
			shellScript = "\"${PODS_ROOT}/Target Support Files/Pods-Express IELTS/Pods-Express IELTS-frameworks.sh\"\n";
			showEnvVarsInLog = 0;
		};
/* End PBXShellScriptBuildPhase section */

/* Begin PBXSourcesBuildPhase section */
		4023A950292D45D4007FD5D5 /* Sources */ = {
			isa = PBXSourcesBuildPhase;
			buildActionMask = 2147483647;
			files = (
				40E76E8B2955FE4C0088DE4C /* UIViewController+Extension.swift in Sources */,
				40371725294233A40053CCF2 /* StudentViewController.swift in Sources */,
				4052F9FC29641DD90002C353 /* TeacherListDelegate.swift in Sources */,
				40E0B77A2997FE8300B707D0 /* Group.swift in Sources */,
				40C9DE3B293DF6A700CC4BFA /* TabItemView.swift in Sources */,
				40C9DE40293DFAB500CC4BFA /* PaymentViewController.swift in Sources */,
				4006FF0229994F0800132E7E /* GroupID.swift in Sources */,
				403203D229597A0900FE64CF /* Defaults.swift in Sources */,
				40D6AB5A295441F000530577 /* ChangeSettingsViewController.swift in Sources */,
				40CEDD6A296B23F00027C6C3 /* UserMethodsDelegate.swift in Sources */,
				40E1E03029476337007ED9A2 /* HeaderMonthTableViewCell.swift in Sources */,
				40259B1229693DBE00D6CB60 /* SkeletonTableViewCell.swift in Sources */,
				4032767029642D1A0077A90E /* GroupListPresenter.swift in Sources */,
				40F91C9B299CBEF800F5C7F9 /* MonthListDelegate.swift in Sources */,
				4037172329422FC90053CCF2 /* AddViewController.swift in Sources */,
				40E0B7762997FBD100B707D0 /* Teacher.swift in Sources */,
				40D6AB5C295442FD00530577 /* SettingsTableViewCell.swift in Sources */,
				40D2977E294240B10084D579 /* MonthlyPaymentViewController.swift in Sources */,
				40E1E02E294742DD007ED9A2 /* UICollectionViewFlowLayout+Extension.swift in Sources */,
				406440E7299A6C6A00660A7E /* StudentWithAttendance.swift in Sources */,
				40EF2A97296895220060BB84 /* Errors.swift in Sources */,
				4023A958292D45D5007FD5D5 /* AppDelegate.swift in Sources */,
				4006FF0029994EF300132E7E /* TeacherID.swift in Sources */,
				40259B1429694F7900D6CB60 /* SkeletonViewsTableViewCell.swift in Sources */,
				40226DAB2940DEA500E9489D /* AddBranchViewController.swift in Sources */,
				40FF834929448E40000ABBBE /* UIColor+Extension.swift in Sources */,
				40DE26522997937A00BB4062 /* InfoTableViewCell.swift in Sources */,
				405912422945A70F00620278 /* TotalRevenueView.swift in Sources */,
				40D6AB602954432500530577 /* BaseTableViewCell.swift in Sources */,
				40F91C9F299CF9EC00F5C7F9 /* TeacherPayments.swift in Sources */,
				40B0AF88299A129D00219ABB /* aAddViewController.swift in Sources */,
				40FF834B29448E40000ABBBE /* PieChart.swift in Sources */,
				4052FA00296422200002C353 /* TeacherConfigListDelegate.swift in Sources */,
				4031E57729632B070094F48D /* BranchListPresenter.swift in Sources */,
				40FE3795292E4DAB0012706F /* UIDevice+Extension.swift in Sources */,
				40C9DE3E293DFAAA00CC4BFA /* BranchListViewController.swift in Sources */,
				4052F9FE29641DEB0002C353 /* TeacherListPresenter.swift in Sources */,
				406996FE292F77DE00090507 /* UITextField+Extension.swift in Sources */,
				4099D0C62969675500C219BA /* TeacherPaymentListPresenter.swift in Sources */,
				40A9083F2998D596008324F5 /* Constants.swift in Sources */,
				40FE378D292E26BD0012706F /* PasswordViewController.swift in Sources */,
				40F91C9D299CBF1700F5C7F9 /* MonthListPresenter.swift in Sources */,
				40DE637E294C53D8001E82B0 /* UserMode.swift in Sources */,
				402A78022958992800B91924 /* CheckBoxButton.swift in Sources */,
				4052FA02296422290002C353 /* TeacherConfigListPresenter.swift in Sources */,
				4031E57929632CBA0094F48D /* BranchListDelegate.swift in Sources */,
				40226DA92940CE4D00E9489D /* NavView.swift in Sources */,
				40F91C99299CBE1700F5C7F9 /* Months.swift in Sources */,
				40C9DE44293DFAC800CC4BFA /* SettingsViewController.swift in Sources */,
				4037170D2941FE9E0053CCF2 /* TextField.swift in Sources */,
				40CEDD6C296B23FC0027C6C3 /* UserMethodsPresenter.swift in Sources */,
				40E0B7782997FC0600B707D0 /* Config.swift in Sources */,
				40CEDD6E296B2C6B0027C6C3 /* AddMethodsDelegate.swift in Sources */,
				402A77FF2958702A00B91924 /* CheckCollectionViewCell.swift in Sources */,
				40DE6382294C93EA001E82B0 /* Language.swift in Sources */,
				4032767429642F7F0077A90E /* StudentListPresenter.swift in Sources */,
				401FC10D296C27320061C11E /* GroupType.swift in Sources */,
				40C9DE39293DF32E00CC4BFA /* MainTabViewController.swift in Sources */,
				40FE378B292E1AF50012706F /* BaseViewController.swift in Sources */,
				40FE3789292E1A290012706F /* UserViewController.swift in Sources */,
				40E0B77C2997FEB700B707D0 /* Student.swift in Sources */,
				4005E41B295332C200960A37 /* StudentCheckTableViewCell.swift in Sources */,
				40E76E8F295631950088DE4C /* ChangePassCodeViewController.swift in Sources */,
				4006FEFE29994EDE00132E7E /* BranchID.swift in Sources */,
				40D6AB622954435000530577 /* BaseCollectionViewCell.swift in Sources */,
				40371717294222350053CCF2 /* ConfigListViewController.swift in Sources */,
				4032766E29642D020077A90E /* GroupListDelegate.swift in Sources */,
				40E044CD298EA3F2004BFF2A /* APIManager.swift in Sources */,
				4099D0C42969671D00C219BA /* TeacherPaymentListDelegate.swift in Sources */,
				4037171D294229F70053CCF2 /* GroupListViewController.swift in Sources */,
				4005E41F2953343400960A37 /* GroupSize.swift in Sources */,
				40E0B77E2998014800B707D0 /* Attendance.swift in Sources */,
				40621288299B5B7800F7087B /* User.swift in Sources */,
				4032767229642F760077A90E /* StudentListDelegate.swift in Sources */,
				4037170F294200B50053CCF2 /* Button.swift in Sources */,
				4090075A2999585C0075C4C8 /* ConfigID.swift in Sources */,
				4023A95A292D45D5007FD5D5 /* SceneDelegate.swift in Sources */,
				40E1E02C29473621007ED9A2 /* MonthCollectionViewCell.swift in Sources */,
				4037171F29422B320053CCF2 /* ListTableViewCell.swift in Sources */,
				400EC15E2945E3BB00F120E4 /* TeacherRevenueViewController.swift in Sources */,
				40E1E02A294731B7007ED9A2 /* HeaderMonthView.swift in Sources */,
				4006FEF9299947BE00132E7E /* DateTime.swift in Sources */,
				400EC15C2945E1A400F120E4 /* BranchRevenueViewController.swift in Sources */,
				40E0B7802998018E00B707D0 /* Payment.swift in Sources */,
				40E0B7742997FB2500B707D0 /* Branch.swift in Sources */,
				4037171129421BDF0053CCF2 /* TeacherListViewController.swift in Sources */,
				4011F255294B41390000B596 /* StudentsInBranchViewController.swift in Sources */,
				404B436B296C7B1000D9D887 /* UIButton+Extension.swift in Sources */,
				4080B0D02955901F009C22AC /* ChangePasswordViewController.swift in Sources */,
				40C9DE42293DFABF00CC4BFA /* StudentsViewController.swift in Sources */,
				40E4C6C82949C240003F8A56 /* String+Extension.swift in Sources */,
				40CEDD70296B2C7C0027C6C3 /* AddMethodsPresenter.swift in Sources */,
				40D2977C29423AF20084D579 /* Database.swift in Sources */,
				401FC10B296C12510061C11E /* StudentReceiptViewController.swift in Sources */,
				40B0AF86299A05A600219ABB /* StudentID.swift in Sources */,
				406996FC292F6D3E00090507 /* AuthUserViewController.swift in Sources */,
			);
			runOnlyForDeploymentPostprocessing = 0;
		};
/* End PBXSourcesBuildPhase section */

/* Begin PBXVariantGroup section */
		4023A962292D45D7007FD5D5 /* LaunchScreen.storyboard */ = {
			isa = PBXVariantGroup;
			children = (
				4023A963292D45D7007FD5D5 /* Base */,
			);
			name = LaunchScreen.storyboard;
			sourceTree = "<group>";
		};
		40EC812B294DEB81006C4644 /* Localizable.strings */ = {
			isa = PBXVariantGroup;
			children = (
				40EC812A294DEB81006C4644 /* en */,
				40EC812D294DEBB5006C4644 /* ru */,
				40EC812E294DEBC8006C4644 /* uz */,
			);
			name = Localizable.strings;
			sourceTree = "<group>";
		};
/* End PBXVariantGroup section */

/* Begin XCBuildConfiguration section */
		4023A966292D45D7007FD5D5 /* Debug */ = {
			isa = XCBuildConfiguration;
			buildSettings = {
				ALWAYS_SEARCH_USER_PATHS = NO;
				CLANG_ANALYZER_LOCALIZABILITY_NONLOCALIZED = YES;
				CLANG_ANALYZER_NONNULL = YES;
				CLANG_ANALYZER_NUMBER_OBJECT_CONVERSION = YES_AGGRESSIVE;
				CLANG_CXX_LANGUAGE_STANDARD = "gnu++17";
				CLANG_ENABLE_MODULES = YES;
				CLANG_ENABLE_OBJC_ARC = YES;
				CLANG_ENABLE_OBJC_WEAK = YES;
				CLANG_WARN_BLOCK_CAPTURE_AUTORELEASING = YES;
				CLANG_WARN_BOOL_CONVERSION = YES;
				CLANG_WARN_COMMA = YES;
				CLANG_WARN_CONSTANT_CONVERSION = YES;
				CLANG_WARN_DEPRECATED_OBJC_IMPLEMENTATIONS = YES;
				CLANG_WARN_DIRECT_OBJC_ISA_USAGE = YES_ERROR;
				CLANG_WARN_DOCUMENTATION_COMMENTS = YES;
				CLANG_WARN_EMPTY_BODY = YES;
				CLANG_WARN_ENUM_CONVERSION = YES;
				CLANG_WARN_INFINITE_RECURSION = YES;
				CLANG_WARN_INT_CONVERSION = YES;
				CLANG_WARN_NON_LITERAL_NULL_CONVERSION = YES;
				CLANG_WARN_OBJC_IMPLICIT_RETAIN_SELF = YES;
				CLANG_WARN_OBJC_LITERAL_CONVERSION = YES;
				CLANG_WARN_OBJC_ROOT_CLASS = YES_ERROR;
				CLANG_WARN_QUOTED_INCLUDE_IN_FRAMEWORK_HEADER = YES;
				CLANG_WARN_RANGE_LOOP_ANALYSIS = YES;
				CLANG_WARN_STRICT_PROTOTYPES = YES;
				CLANG_WARN_SUSPICIOUS_MOVE = YES;
				CLANG_WARN_UNGUARDED_AVAILABILITY = YES_AGGRESSIVE;
				CLANG_WARN_UNREACHABLE_CODE = YES;
				CLANG_WARN__DUPLICATE_METHOD_MATCH = YES;
				CODE_SIGN_ENTITLEMENTS = "Express IELTS.entitlements";
				COPY_PHASE_STRIP = NO;
				DEBUG_INFORMATION_FORMAT = dwarf;
				ENABLE_STRICT_OBJC_MSGSEND = YES;
				ENABLE_TESTABILITY = YES;
				GCC_C_LANGUAGE_STANDARD = gnu11;
				GCC_DYNAMIC_NO_PIC = NO;
				GCC_NO_COMMON_BLOCKS = YES;
				GCC_OPTIMIZATION_LEVEL = 0;
				GCC_PREPROCESSOR_DEFINITIONS = (
					"DEBUG=1",
					"$(inherited)",
				);
				GCC_WARN_64_TO_32_BIT_CONVERSION = YES;
				GCC_WARN_ABOUT_RETURN_TYPE = YES_ERROR;
				GCC_WARN_UNDECLARED_SELECTOR = YES;
				GCC_WARN_UNINITIALIZED_AUTOS = YES_AGGRESSIVE;
				GCC_WARN_UNUSED_FUNCTION = YES;
				GCC_WARN_UNUSED_VARIABLE = YES;
				IPHONEOS_DEPLOYMENT_TARGET = 14.0;
				MTL_ENABLE_DEBUG_INFO = INCLUDE_SOURCE;
				MTL_FAST_MATH = YES;
				ONLY_ACTIVE_ARCH = YES;
				SDKROOT = iphoneos;
				SWIFT_ACTIVE_COMPILATION_CONDITIONS = DEBUG;
				SWIFT_OPTIMIZATION_LEVEL = "-Onone";
			};
			name = Debug;
		};
		4023A967292D45D7007FD5D5 /* Release */ = {
			isa = XCBuildConfiguration;
			buildSettings = {
				ALWAYS_SEARCH_USER_PATHS = NO;
				CLANG_ANALYZER_LOCALIZABILITY_NONLOCALIZED = YES;
				CLANG_ANALYZER_NONNULL = YES;
				CLANG_ANALYZER_NUMBER_OBJECT_CONVERSION = YES_AGGRESSIVE;
				CLANG_CXX_LANGUAGE_STANDARD = "gnu++17";
				CLANG_ENABLE_MODULES = YES;
				CLANG_ENABLE_OBJC_ARC = YES;
				CLANG_ENABLE_OBJC_WEAK = YES;
				CLANG_WARN_BLOCK_CAPTURE_AUTORELEASING = YES;
				CLANG_WARN_BOOL_CONVERSION = YES;
				CLANG_WARN_COMMA = YES;
				CLANG_WARN_CONSTANT_CONVERSION = YES;
				CLANG_WARN_DEPRECATED_OBJC_IMPLEMENTATIONS = YES;
				CLANG_WARN_DIRECT_OBJC_ISA_USAGE = YES_ERROR;
				CLANG_WARN_DOCUMENTATION_COMMENTS = YES;
				CLANG_WARN_EMPTY_BODY = YES;
				CLANG_WARN_ENUM_CONVERSION = YES;
				CLANG_WARN_INFINITE_RECURSION = YES;
				CLANG_WARN_INT_CONVERSION = YES;
				CLANG_WARN_NON_LITERAL_NULL_CONVERSION = YES;
				CLANG_WARN_OBJC_IMPLICIT_RETAIN_SELF = YES;
				CLANG_WARN_OBJC_LITERAL_CONVERSION = YES;
				CLANG_WARN_OBJC_ROOT_CLASS = YES_ERROR;
				CLANG_WARN_QUOTED_INCLUDE_IN_FRAMEWORK_HEADER = YES;
				CLANG_WARN_RANGE_LOOP_ANALYSIS = YES;
				CLANG_WARN_STRICT_PROTOTYPES = YES;
				CLANG_WARN_SUSPICIOUS_MOVE = YES;
				CLANG_WARN_UNGUARDED_AVAILABILITY = YES_AGGRESSIVE;
				CLANG_WARN_UNREACHABLE_CODE = YES;
				CLANG_WARN__DUPLICATE_METHOD_MATCH = YES;
				CODE_SIGN_ENTITLEMENTS = "Express IELTS.entitlements";
				COPY_PHASE_STRIP = NO;
				DEBUG_INFORMATION_FORMAT = "dwarf-with-dsym";
				ENABLE_NS_ASSERTIONS = NO;
				ENABLE_STRICT_OBJC_MSGSEND = YES;
				GCC_C_LANGUAGE_STANDARD = gnu11;
				GCC_NO_COMMON_BLOCKS = YES;
				GCC_WARN_64_TO_32_BIT_CONVERSION = YES;
				GCC_WARN_ABOUT_RETURN_TYPE = YES_ERROR;
				GCC_WARN_UNDECLARED_SELECTOR = YES;
				GCC_WARN_UNINITIALIZED_AUTOS = YES_AGGRESSIVE;
				GCC_WARN_UNUSED_FUNCTION = YES;
				GCC_WARN_UNUSED_VARIABLE = YES;
				IPHONEOS_DEPLOYMENT_TARGET = 14.0;
				MTL_ENABLE_DEBUG_INFO = NO;
				MTL_FAST_MATH = YES;
				SDKROOT = iphoneos;
				SWIFT_COMPILATION_MODE = wholemodule;
				SWIFT_OPTIMIZATION_LEVEL = "-O";
				VALIDATE_PRODUCT = YES;
			};
			name = Release;
		};
		4023A969292D45D7007FD5D5 /* Debug */ = {
			isa = XCBuildConfiguration;
			baseConfigurationReference = F6C83EB19D0501A21968ECA5 /* Pods-Express IELTS.debug.xcconfig */;
			buildSettings = {
				ASSETCATALOG_COMPILER_APPICON_NAME = AppIcon;
				ASSETCATALOG_COMPILER_GLOBAL_ACCENT_COLOR_NAME = AccentColor;
				ASSETCATALOG_COMPILER_INCLUDE_ALL_APPICON_ASSETS = NO;
				CODE_SIGN_STYLE = Automatic;
				CURRENT_PROJECT_VERSION = 1;
				DEVELOPMENT_TEAM = 8U9B78K7W3;
				GENERATE_INFOPLIST_FILE = YES;
				INFOPLIST_FILE = "Express IELTS/Info.plist";
				INFOPLIST_KEY_UIApplicationSupportsIndirectInputEvents = YES;
				INFOPLIST_KEY_UILaunchStoryboardName = LaunchScreen.storyboard;
				INFOPLIST_KEY_UISupportedInterfaceOrientations = UIInterfaceOrientationPortrait;
				INFOPLIST_KEY_UISupportedInterfaceOrientations_iPad = "UIInterfaceOrientationLandscapeLeft UIInterfaceOrientationLandscapeRight UIInterfaceOrientationPortrait UIInterfaceOrientationPortraitUpsideDown";
				IPHONEOS_DEPLOYMENT_TARGET = 14.0;
				LD_RUNPATH_SEARCH_PATHS = (
					"$(inherited)",
					"@executable_path/Frameworks",
				);
				MARKETING_VERSION = 1.0;
				PRODUCT_BUNDLE_IDENTIFIER = "demo.Express-IELTS";
				PRODUCT_NAME = "$(TARGET_NAME)";
				SUPPORTED_PLATFORMS = "iphoneos iphonesimulator";
				SUPPORTS_MACCATALYST = NO;
				SUPPORTS_MAC_DESIGNED_FOR_IPHONE_IPAD = NO;
				SWIFT_EMIT_LOC_STRINGS = YES;
				SWIFT_VERSION = 5.0;
				TARGETED_DEVICE_FAMILY = 1;
			};
			name = Debug;
		};
		4023A96A292D45D7007FD5D5 /* Release */ = {
			isa = XCBuildConfiguration;
			baseConfigurationReference = C4DEC3821F68C64C920B57DB /* Pods-Express IELTS.release.xcconfig */;
			buildSettings = {
				ASSETCATALOG_COMPILER_APPICON_NAME = AppIcon;
				ASSETCATALOG_COMPILER_GLOBAL_ACCENT_COLOR_NAME = AccentColor;
				ASSETCATALOG_COMPILER_INCLUDE_ALL_APPICON_ASSETS = NO;
				CODE_SIGN_ENTITLEMENTS = "Express IELTS/Express IELTSRelease.entitlements";
				CODE_SIGN_STYLE = Automatic;
				CURRENT_PROJECT_VERSION = 1;
				DEVELOPMENT_TEAM = 8U9B78K7W3;
				GENERATE_INFOPLIST_FILE = YES;
				INFOPLIST_FILE = "Express IELTS/Info.plist";
				INFOPLIST_KEY_UIApplicationSupportsIndirectInputEvents = YES;
				INFOPLIST_KEY_UILaunchStoryboardName = LaunchScreen.storyboard;
				INFOPLIST_KEY_UISupportedInterfaceOrientations = UIInterfaceOrientationPortrait;
				INFOPLIST_KEY_UISupportedInterfaceOrientations_iPad = "UIInterfaceOrientationLandscapeLeft UIInterfaceOrientationLandscapeRight UIInterfaceOrientationPortrait UIInterfaceOrientationPortraitUpsideDown";
				IPHONEOS_DEPLOYMENT_TARGET = 14.0;
				LD_RUNPATH_SEARCH_PATHS = (
					"$(inherited)",
					"@executable_path/Frameworks",
				);
				MARKETING_VERSION = 1.0;
				PRODUCT_BUNDLE_IDENTIFIER = "demo.Express-IELTS";
				PRODUCT_NAME = "$(TARGET_NAME)";
				SUPPORTED_PLATFORMS = "iphoneos iphonesimulator";
				SUPPORTS_MACCATALYST = NO;
				SUPPORTS_MAC_DESIGNED_FOR_IPHONE_IPAD = NO;
				SWIFT_EMIT_LOC_STRINGS = YES;
				SWIFT_VERSION = 5.0;
				TARGETED_DEVICE_FAMILY = 1;
			};
			name = Release;
		};
/* End XCBuildConfiguration section */

/* Begin XCConfigurationList section */
		4023A94F292D45D4007FD5D5 /* Build configuration list for PBXProject "Express IELTS" */ = {
			isa = XCConfigurationList;
			buildConfigurations = (
				4023A966292D45D7007FD5D5 /* Debug */,
				4023A967292D45D7007FD5D5 /* Release */,
			);
			defaultConfigurationIsVisible = 0;
			defaultConfigurationName = Release;
		};
		4023A968292D45D7007FD5D5 /* Build configuration list for PBXNativeTarget "Express IELTS" */ = {
			isa = XCConfigurationList;
			buildConfigurations = (
				4023A969292D45D7007FD5D5 /* Debug */,
				4023A96A292D45D7007FD5D5 /* Release */,
			);
			defaultConfigurationIsVisible = 0;
			defaultConfigurationName = Release;
		};
/* End XCConfigurationList section */
	};
	rootObject = 4023A94C292D45D4007FD5D5 /* Project object */;
}
